schema_version=w1ngman_baseline_environment_v1
captured_at=2026-08-25T09:50:00+08:00
timezone=Asia/Shanghai

[repository]
commit=a010326564156f0ce6eae77d29f1e366d1c1eede
branch=main
worktree_clean=false
formal_release=false

[platform]
os=Windows 11 10.0.26200
architecture=64-bit
python=3.13.9
python_distribution=Anaconda

[runtime]
torch=2.13.0+cpu
cuda_available=false
numpy=2.5.1
pandas=3.0.5
pyarrow=25.0.0
scipy=1.18.0
lightgbm=4.7.0
fastapi=0.141.1
pydantic=2.13.4
uvicorn=0.52.0
pytest=9.1.1
hypothesis=6.164.0

[model]
generator_backend=rd_agent
default_model=deepseek-ai/DeepSeek-V4-Pro
vocab_version=v9217a2c0d91a
vocab_size=127
feature_count=65
operator_count=62
device=cpu

[external_data]
amazingdata_sdk_version_from_prior_audit=1.1.9
mcp_server_sha256=3BC7F1ADA17436BBDB2CA28FCA91AE7206BA6A2DC5F20158EBB0C1310C370EAD
formal_snapshot=absent

[secrets]
secret_values_recorded=false
api_key_recorded=false

[verification]
pytest=281_passed_17_skipped_2_warnings
legacy_report_sha256=12F7C4E92E2A085F6041C63A1A51A513B2806719D12F0BAFC94C5BA522558332
status=LEGACY_EXPLORATORY_BASELINE
